
Microsoft Visual Studio Solution File, Format Version 12.00
# Visual Studio Version 17
VisualStudioVersion = 17.4.33213.308
MinimumVisualStudioVersion = 10.0.40219.1
Project("{FAE04EC0-301F-11D3-BF4B-00C04F79EFBC}") = "курсова_работа", "курсова_работа\курсова_работа.csproj", "{9973B218-51C3-4696-ACC5-5165CF0D833D}"
EndProject
Global
	GlobalSection(SolutionConfigurationPlatforms) = preSolution
		Debug|Any CPU = Debug|Any CPU
		Release|Any CPU = Release|Any CPU
	EndGlobalSection
	GlobalSection(ProjectConfigurationPlatforms) = postSolution
		{9973B218-51C3-4696-ACC5-5165CF0D833D}.Debug|Any CPU.ActiveCfg = Debug|Any CPU
		{9973B218-51C3-4696-ACC5-5165CF0D833D}.Debug|Any CPU.Build.0 = Debug|Any CPU
		{9973B218-51C3-4696-ACC5-5165CF0D833D}.Release|Any CPU.ActiveCfg = Release|Any CPU
		{9973B218-51C3-4696-ACC5-5165CF0D833D}.Release|Any CPU.Build.0 = Release|Any CPU
	EndGlobalSection
	GlobalSection(SolutionProperties) = preSolution
		HideSolutionNode = FALSE
	EndGlobalSection
	GlobalSection(ExtensibilityGlobals) = postSolution
		SolutionGuid = {50923131-89A3-47CE-A847-2D673DE45A7C}
	EndGlobalSection
EndGlobal
